{
  "name": "travelrecord_frontend",
  "version": "1.0.0",
  "lockfileVersion": 1,
  "dependencies": {
    "angular": {
      "version": "1.6.5",
      "resolved": "https://registry.npmjs.org/angular/-/angular-1.6.5.tgz",
      "integrity": "sha1-N/eI7r7Fzi4/oCsXu8sqIxV2oNY="
    },
    "angular-route": {
      "version": "1.6.5",
      "resolved": "https://registry.npmjs.org/angular-route/-/angular-route-1.6.5.tgz",
      "integrity": "sha1-r0VZMpn1WHTQJhAYrbEVIKOBfSo="
    },
    "bootstrap": {
      "version": "3.3.7",
      "resolved": "https://registry.npmjs.org/bootstrap/-/bootstrap-3.3.7.tgz",
      "integrity": "sha1-WjiTlFSfIzMIdaOxUGVldPip63E="
    },
    "jquery": {
      "version": "3.2.1",
      "resolved": "https://registry.npmjs.org/jquery/-/jquery-3.2.1.tgz",
      "integrity": "sha1-XE2d5lKvbNCncBVKYxu6ErAVx4c="
    },
    "moment": {
      "version": "2.18.1",
      "resolved": "https://registry.npmjs.org/moment/-/moment-2.18.1.tgz",
      "integrity": "sha1-w2GT3Tzhwu7SrbfIAtu8d6gbHA8="
    },
    "ng-dialog": {
      "version": "1.4.0",
      "resolved": "https://registry.npmjs.org/ng-dialog/-/ng-dialog-1.4.0.tgz",
      "integrity": "sha1-P4EzDnyqxhTpn7zrdvMEv4IMQT4="
    },
    "ngmap": {
      "version": "1.18.4",
      "resolved": "https://registry.npmjs.org/ngmap/-/ngmap-1.18.4.tgz",
      "integrity": "sha1-jzbY6EDaaCnOXUDl10e3DEo6yDM="
    }
  }
}
